github.com/asaskevich/EventBus v0.0.0-20180103000110-68a521d7cbbb h1:UgErHX+sTKfxJ1+2IksfX2Jeb2DcSgWN0oqRTUzSg74=
github.com/asaskevich/EventBus v0.0.0-20180103000110-68a521d7cbbb/go.mod h1:JS7hed4L1fj0hXcyEejnW57/7LCetXggd+vwrRnYeII=
github.com/flashmob/go-guerrilla v0.0.0-20180822023650-1c628e503aed h1:vEVXJyIHYlQuQ/mU8+gL9xpn50OYgBsMpB/zr69aGFc=
github.com/flashmob/go-guerrilla v0.0.0-20180822023650-1c628e503aed/go.mod h1:ZT9TRggRsSY4ZVndoyx8TRUxi3tM/nOYtKWKDX94H0I=
github.com/pkg/errors v0.8.0 h1:WdK/asTD0HN+q6hsWO3/vpuAkAr+tw6aNJNDFFf0+qw=
github.com/pkg/errors v0.8.0/go.mod h1:bwawxfHBFNV+L2hUp1rHADufV3IMtnDRdf1r5NINEl0=
github.com/sirupsen/logrus v1.0.5 h1:8c8b5uO0zS4X6RPl/sd1ENwSkIc0/H2PaHxE3udaE8I=
github.com/sirupsen/logrus v1.0.5/go.mod h1:pMByvHTf9Beacp5x1UXfOR9xyW/9antXMhjMPG0dEzc=
golang.org/x/crypto v0.0.0-20181126163421-e657309f52e7 h1:70UTJTdHsz+jRjphEW+is2SdxjhZL1AdKsewqjYzcQU=
golang.org/x/crypto v0.0.0-20181126163421-e657309f52e7/go.mod h1:6SG95UA2DQfeDnfUPMdvaQW0Q7yPrPDi9nlGo2tz2b4=
golang.org/x/sys v0.0.0-20181122145206-62eef0e2fa9b h1:MQE+LT/ABUuuvEZ+YQAMSXindAdUh7slEmAkup74op4=
golang.org/x/sys v0.0.0-20181122145206-62eef0e2fa9b/go.mod h1:STP8DvDyc/dI5b8T5hshtkjS+E42TnysNCUPdjciGhY=
